
Microsoft Visual Studio Solution File, Format Version 12.00
# Visual Studio 2012
Project("{FAE04EC0-301F-11D3-BF4B-00C04F79EFBC}") = "aairvid", "aairvid\aairvid.csproj", "{6CB2B7FF-27FE-4340-8FD9-DEBE2E41B4D8}"
EndProject
Project("{FAE04EC0-301F-11D3-BF4B-00C04F79EFBC}") = "libairvidproto", "libairvidproto\libairvidproto.csproj", "{6AF82D06-47B4-42E6-AA5B-B65EA2E80F96}"
EndProject
Project("{FAE04EC0-301F-11D3-BF4B-00C04F79EFBC}") = "Bonjour.NET", "Bonjour.NET\Bonjour.NET.csproj", "{DD32DB45-727C-4683-9384-AFFEC891172B}"
EndProject
Global
	GlobalSection(SolutionConfigurationPlatforms) = preSolution
		Arm|Any CPU = Arm|Any CPU
		ArmV7|Any CPU = ArmV7|Any CPU
		Debug|Any CPU = Debug|Any CPU
		NonFree|Any CPU = NonFree|Any CPU
		NonFreeDebug|Any CPU = NonFreeDebug|Any CPU
		Release|Any CPU = Release|Any CPU
		X86|Any CPU = X86|Any CPU
	EndGlobalSection
	GlobalSection(ProjectConfigurationPlatforms) = postSolution
		{6CB2B7FF-27FE-4340-8FD9-DEBE2E41B4D8}.Arm|Any CPU.ActiveCfg = Arm|Any CPU
		{6CB2B7FF-27FE-4340-8FD9-DEBE2E41B4D8}.Arm|Any CPU.Build.0 = Arm|Any CPU
		{6CB2B7FF-27FE-4340-8FD9-DEBE2E41B4D8}.Arm|Any CPU.Deploy.0 = Arm|Any CPU
		{6CB2B7FF-27FE-4340-8FD9-DEBE2E41B4D8}.ArmV7|Any CPU.ActiveCfg = ArmV7|Any CPU
		{6CB2B7FF-27FE-4340-8FD9-DEBE2E41B4D8}.ArmV7|Any CPU.Build.0 = ArmV7|Any CPU
		{6CB2B7FF-27FE-4340-8FD9-DEBE2E41B4D8}.ArmV7|Any CPU.Deploy.0 = ArmV7|Any CPU
		{6CB2B7FF-27FE-4340-8FD9-DEBE2E41B4D8}.Debug|Any CPU.ActiveCfg = Debug|Any CPU
		{6CB2B7FF-27FE-4340-8FD9-DEBE2E41B4D8}.Debug|Any CPU.Build.0 = Debug|Any CPU
		{6CB2B7FF-27FE-4340-8FD9-DEBE2E41B4D8}.Debug|Any CPU.Deploy.0 = Debug|Any CPU
		{6CB2B7FF-27FE-4340-8FD9-DEBE2E41B4D8}.NonFree|Any CPU.ActiveCfg = X86|Any CPU
		{6CB2B7FF-27FE-4340-8FD9-DEBE2E41B4D8}.NonFree|Any CPU.Build.0 = X86|Any CPU
		{6CB2B7FF-27FE-4340-8FD9-DEBE2E41B4D8}.NonFree|Any CPU.Deploy.0 = X86|Any CPU
		{6CB2B7FF-27FE-4340-8FD9-DEBE2E41B4D8}.NonFreeDebug|Any CPU.ActiveCfg = Debug|Any CPU
		{6CB2B7FF-27FE-4340-8FD9-DEBE2E41B4D8}.NonFreeDebug|Any CPU.Build.0 = Debug|Any CPU
		{6CB2B7FF-27FE-4340-8FD9-DEBE2E41B4D8}.NonFreeDebug|Any CPU.Deploy.0 = Debug|Any CPU
		{6CB2B7FF-27FE-4340-8FD9-DEBE2E41B4D8}.Release|Any CPU.ActiveCfg = Release|Any CPU
		{6CB2B7FF-27FE-4340-8FD9-DEBE2E41B4D8}.Release|Any CPU.Build.0 = Release|Any CPU
		{6CB2B7FF-27FE-4340-8FD9-DEBE2E41B4D8}.Release|Any CPU.Deploy.0 = Release|Any CPU
		{6CB2B7FF-27FE-4340-8FD9-DEBE2E41B4D8}.X86|Any CPU.ActiveCfg = X86|Any CPU
		{6CB2B7FF-27FE-4340-8FD9-DEBE2E41B4D8}.X86|Any CPU.Build.0 = X86|Any CPU
		{6CB2B7FF-27FE-4340-8FD9-DEBE2E41B4D8}.X86|Any CPU.Deploy.0 = X86|Any CPU
		{6AF82D06-47B4-42E6-AA5B-B65EA2E80F96}.Arm|Any CPU.ActiveCfg = Release|Any CPU
		{6AF82D06-47B4-42E6-AA5B-B65EA2E80F96}.Arm|Any CPU.Build.0 = Release|Any CPU
		{6AF82D06-47B4-42E6-AA5B-B65EA2E80F96}.ArmV7|Any CPU.ActiveCfg = ArmV7|Any CPU
		{6AF82D06-47B4-42E6-AA5B-B65EA2E80F96}.ArmV7|Any CPU.Build.0 = ArmV7|Any CPU
		{6AF82D06-47B4-42E6-AA5B-B65EA2E80F96}.ArmV7|Any CPU.Deploy.0 = ArmV7|Any CPU
		{6AF82D06-47B4-42E6-AA5B-B65EA2E80F96}.Debug|Any CPU.ActiveCfg = Debug|Any CPU
		{6AF82D06-47B4-42E6-AA5B-B65EA2E80F96}.Debug|Any CPU.Build.0 = Debug|Any CPU
		{6AF82D06-47B4-42E6-AA5B-B65EA2E80F96}.NonFree|Any CPU.ActiveCfg = Release|Any CPU
		{6AF82D06-47B4-42E6-AA5B-B65EA2E80F96}.NonFree|Any CPU.Build.0 = Release|Any CPU
		{6AF82D06-47B4-42E6-AA5B-B65EA2E80F96}.NonFreeDebug|Any CPU.ActiveCfg = Debug|Any CPU
		{6AF82D06-47B4-42E6-AA5B-B65EA2E80F96}.NonFreeDebug|Any CPU.Build.0 = Debug|Any CPU
		{6AF82D06-47B4-42E6-AA5B-B65EA2E80F96}.Release|Any CPU.ActiveCfg = Release|Any CPU
		{6AF82D06-47B4-42E6-AA5B-B65EA2E80F96}.Release|Any CPU.Build.0 = Release|Any CPU
		{6AF82D06-47B4-42E6-AA5B-B65EA2E80F96}.X86|Any CPU.ActiveCfg = Release|Any CPU
		{6AF82D06-47B4-42E6-AA5B-B65EA2E80F96}.X86|Any CPU.Build.0 = Release|Any CPU
		{DD32DB45-727C-4683-9384-AFFEC891172B}.Arm|Any CPU.ActiveCfg = Arm|Any CPU
		{DD32DB45-727C-4683-9384-AFFEC891172B}.Arm|Any CPU.Build.0 = Arm|Any CPU
		{DD32DB45-727C-4683-9384-AFFEC891172B}.ArmV7|Any CPU.ActiveCfg = ArmV7|Any CPU
		{DD32DB45-727C-4683-9384-AFFEC891172B}.ArmV7|Any CPU.Build.0 = ArmV7|Any CPU
		{DD32DB45-727C-4683-9384-AFFEC891172B}.ArmV7|Any CPU.Deploy.0 = ArmV7|Any CPU
		{DD32DB45-727C-4683-9384-AFFEC891172B}.Debug|Any CPU.ActiveCfg = Debug|Any CPU
		{DD32DB45-727C-4683-9384-AFFEC891172B}.Debug|Any CPU.Build.0 = Debug|Any CPU
		{DD32DB45-727C-4683-9384-AFFEC891172B}.NonFree|Any CPU.ActiveCfg = NonFree|Any CPU
		{DD32DB45-727C-4683-9384-AFFEC891172B}.NonFree|Any CPU.Build.0 = NonFree|Any CPU
		{DD32DB45-727C-4683-9384-AFFEC891172B}.NonFreeDebug|Any CPU.ActiveCfg = NonFreeDebug|Any CPU
		{DD32DB45-727C-4683-9384-AFFEC891172B}.NonFreeDebug|Any CPU.Build.0 = NonFreeDebug|Any CPU
		{DD32DB45-727C-4683-9384-AFFEC891172B}.Release|Any CPU.ActiveCfg = Release|Any CPU
		{DD32DB45-727C-4683-9384-AFFEC891172B}.Release|Any CPU.Build.0 = Release|Any CPU
		{DD32DB45-727C-4683-9384-AFFEC891172B}.X86|Any CPU.ActiveCfg = X86|Any CPU
		{DD32DB45-727C-4683-9384-AFFEC891172B}.X86|Any CPU.Build.0 = X86|Any CPU
	EndGlobalSection
	GlobalSection(SolutionProperties) = preSolution
		HideSolutionNode = FALSE
	EndGlobalSection
EndGlobal
